
Microsoft Visual Studio Solution File, Format Version 12.00
# Visual Studio Version 17
VisualStudioVersion = 17.5.002.0
MinimumVisualStudioVersion = 10.0.40219.1
Project("{9A19103F-16F7-4668-BE54-9A1E7A4F7556}") = "maze", "maze.csproj", "{3FD848FB-095B-4D7C-9BAB-C738BFAC9458}"
EndProject
Global
	GlobalSection(SolutionConfigurationPlatforms) = preSolution
		Debug|Any CPU = Debug|Any CPU
		Release|Any CPU = Release|Any CPU
	EndGlobalSection
	GlobalSection(ProjectConfigurationPlatforms) = postSolution
		{3FD848FB-095B-4D7C-9BAB-C738BFAC9458}.Debug|Any CPU.ActiveCfg = Debug|Any CPU
		{3FD848FB-095B-4D7C-9BAB-C738BFAC9458}.Debug|Any CPU.Build.0 = Debug|Any CPU
		{3FD848FB-095B-4D7C-9BAB-C738BFAC9458}.Release|Any CPU.ActiveCfg = Release|Any CPU
		{3FD848FB-095B-4D7C-9BAB-C738BFAC9458}.Release|Any CPU.Build.0 = Release|Any CPU
	EndGlobalSection
	GlobalSection(SolutionProperties) = preSolution
		HideSolutionNode = FALSE
	EndGlobalSection
	GlobalSection(ExtensibilityGlobals) = postSolution
		SolutionGuid = {507F2894-2982-4B36-B748-9C38AAB58BB3}
	EndGlobalSection
EndGlobal
